
Microsoft Visual Studio Solution File, Format Version 12.00
# Visual Studio Express 2012 for Windows Desktop
Project("{FAE04EC0-301F-11D3-BF4B-00C04F79EFBC}") = "OS_Project_2", "WindowsFormsApplication1\OS_Project_2.csproj", "{B9CCEE86-39E0-405E-8884-FC9714A39E96}"
EndProject
Global
	GlobalSection(SolutionConfigurationPlatforms) = preSolution
		Debug|Any CPU = Debug|Any CPU
		Release|Any CPU = Release|Any CPU
	EndGlobalSection
	GlobalSection(ProjectConfigurationPlatforms) = postSolution
		{B9CCEE86-39E0-405E-8884-FC9714A39E96}.Debug|Any CPU.ActiveCfg = Debug|Any CPU
		{B9CCEE86-39E0-405E-8884-FC9714A39E96}.Debug|Any CPU.Build.0 = Debug|Any CPU
		{B9CCEE86-39E0-405E-8884-FC9714A39E96}.Release|Any CPU.ActiveCfg = Release|Any CPU
		{B9CCEE86-39E0-405E-8884-FC9714A39E96}.Release|Any CPU.Build.0 = Release|Any CPU
	EndGlobalSection
	GlobalSection(SolutionProperties) = preSolution
		HideSolutionNode = FALSE
	EndGlobalSection
EndGlobal
